# @generated by Move, please check-in and do not edit manually.

[move]
version = 3
manifest_digest = "A0BC0C569F492213A9CAEDB070EA5914C2513DDA8E9A44D76F9E4736D6171E6A"
deps_digest = "F8BBB0CCB2491CA29A3DF03D6F92277A4F3574266507ACD77214D37ECA3F3082"
dependencies = [
  { id = "Iota", name = "Iota" },
]

[[move.package]]
id = "Iota"
source = { git = "https://github.com/iotaledger/iota.git", rev = "testnet", subdir = "crates/iota-framework/packages/iota-framework" }

dependencies = [
  { id = "MoveStdlib", name = "MoveStdlib" },
]

[[move.package]]
id = "MoveStdlib"
source = { git = "https://github.com/iotaledger/iota.git", rev = "testnet", subdir = "crates/iota-framework/packages/move-stdlib" }

[move.toolchain-version]
compiler-version = "0.12.0-rc"
edition = "2024.beta"
flavor = "iota"

[env]

[env.testnet]
chain-id = "2304aa97"
original-published-id = "0xe59feaa09606d22e017d062920c3e926586416e18f81cc62b95c1464ab6a8b86"
latest-published-id = "0xe59feaa09606d22e017d062920c3e926586416e18f81cc62b95c1464ab6a8b86"
published-version = "1"
