# @generated by Move, please check-in and do not edit manually.

[move]
version = 3
manifest_digest = "A0BC0C569F492213A9CAEDB070EA5914C2513DDA8E9A44D76F9E4736D6171E6A"
deps_digest = "F8BBB0CCB2491CA29A3DF03D6F92277A4F3574266507ACD77214D37ECA3F3082"
dependencies = [
  { id = "Iota", name = "Iota" },
]

[[move.package]]
id = "Iota"
source = { git = "https://github.com/iotaledger/iota.git", rev = "testnet", subdir = "crates/iota-framework/packages/iota-framework" }

dependencies = [
  { id = "MoveStdlib", name = "MoveStdlib" },
]

[[move.package]]
id = "MoveStdlib"
source = { git = "https://github.com/iotaledger/iota.git", rev = "testnet", subdir = "crates/iota-framework/packages/move-stdlib" }

[move.toolchain-version]
compiler-version = "0.12.0-rc"
edition = "2024.beta"
flavor = "iota"

[env]

[env.testnet]
chain-id = "2304aa97"
original-published-id = "0x907230b93bd2bb30b0aae756831464d6a514cf0bf12b9253840d6757e9c65164"
latest-published-id = "0x907230b93bd2bb30b0aae756831464d6a514cf0bf12b9253840d6757e9c65164"
published-version = "1"
